packages:
  common_verification:
    revision: 9c07fa860593b2caabd9b5681740c25fac04b878
    version: 0.2.3
    source:
      Git: https://github.com/pulp-platform/common_verification.git
    dependencies: []
  hwpe-ctrl:
    revision: null
    version: null
    source:
      Path: ips/hwpe-ctrl
    dependencies:
    - tech_cells_generic
  hwpe-aes-engine:
    revision: null
    version: null
    source:
      Path: ips/hwpe-aes-engine
    dependencies:
    - hwpe-ctrl
    - hwpe-stream
  hwpe-stream:
    revision: null
    version: null
    source:
      Path: ips/hwpe-stream
    dependencies:
    - tech_cells_generic
  scm:
    revision: 998466d2a3c2d7d572e43d2666d93c4f767d8d60
    version: 1.1.1
    source:
      Git: https://github.com/pulp-platform/scm.git
    dependencies: []
  tech_cells_generic:
    revision: 7968dd6e6180df2c644636bc6d2908a49f2190cf
    version: 0.2.13
    source:
      Git: https://github.com/pulp-platform/tech_cells_generic.git
    dependencies:
    - common_verification
  zeroriscy:
    revision: 030b03da470c355176f23c0a50479414323fa8e3
    version: null
    source:
      Git: https://github.com/FrancescoConti/ibex.git
    dependencies: []
